
Microsoft Visual Studio Solution File, Format Version 12.00
# Visual Studio Version 17
VisualStudioVersion = 17.8.34330.188
MinimumVisualStudioVersion = 10.0.40219.1
Project("{FAE04EC0-301F-11D3-BF4B-00C04F79EFBC}") = "MobileShopMangementSystem", "MobileShopMangementSystem\MobileShopMangementSystem.csproj", "{A6C56F85-A95E-46A3-BC5F-F71B490AE426}"
EndProject
Global
	GlobalSection(SolutionConfigurationPlatforms) = preSolution
		Debug|Any CPU = Debug|Any CPU
		Release|Any CPU = Release|Any CPU
	EndGlobalSection
	GlobalSection(ProjectConfigurationPlatforms) = postSolution
		{A6C56F85-A95E-46A3-BC5F-F71B490AE426}.Debug|Any CPU.ActiveCfg = Debug|Any CPU
		{A6C56F85-A95E-46A3-BC5F-F71B490AE426}.Debug|Any CPU.Build.0 = Debug|Any CPU
		{A6C56F85-A95E-46A3-BC5F-F71B490AE426}.Release|Any CPU.ActiveCfg = Release|Any CPU
		{A6C56F85-A95E-46A3-BC5F-F71B490AE426}.Release|Any CPU.Build.0 = Release|Any CPU
	EndGlobalSection
	GlobalSection(SolutionProperties) = preSolution
		HideSolutionNode = FALSE
	EndGlobalSection
	GlobalSection(ExtensibilityGlobals) = postSolution
		SolutionGuid = {0B0B3FA8-6BE4-422C-B8C9-E80AF6F47850}
	EndGlobalSection
EndGlobal
